// !$*UTF8*$!
{
	archiveVersion = 1;
	classes = {
	};
	objectVersion = 46;
	objects = {

/* Begin PBXBuildFile section */
		87A98A6F1AE5E2A700C74935 /* main.m in Sources */ = {isa = PBXBuildFile; fileRef = 87A98A6E1AE5E2A700C74935 /* main.m */; };
		87A98A721AE5E2A700C74935 /* AppDelegate.m in Sources */ = {isa = PBXBuildFile; fileRef = 87A98A711AE5E2A700C74935 /* AppDelegate.m */; };
		87A98A7A1AE5E2A700C74935 /* Images.xcassets in Resources */ = {isa = PBXBuildFile; fileRef = 87A98A791AE5E2A700C74935 /* Images.xcassets */; };
		87A98A7D1AE5E2A700C74935 /* LaunchScreen.xib in Resources */ = {isa = PBXBuildFile; fileRef = 87A98A7B1AE5E2A700C74935 /* LaunchScreen.xib */; };
		87A98A891AE5E2A700C74935 /* tab_bar_controller_uw_ios_hw2Tests.m in Sources */ = {isa = PBXBuildFile; fileRef = 87A98A881AE5E2A700C74935 /* tab_bar_controller_uw_ios_hw2Tests.m */; };
		87A98A951AE5E46600C74935 /* ColorViewController.m in Sources */ = {isa = PBXBuildFile; fileRef = 87A98A931AE5E46600C74935 /* ColorViewController.m */; };
		87A98A961AE5E46600C74935 /* ColorViewController.xib in Resources */ = {isa = PBXBuildFile; fileRef = 87A98A941AE5E46600C74935 /* ColorViewController.xib */; };
		87A98A9A1AE5E4D300C74935 /* DataViewController.m in Sources */ = {isa = PBXBuildFile; fileRef = 87A98A981AE5E4D300C74935 /* DataViewController.m */; };
		87A98A9B1AE5E4D300C74935 /* DataViewController.xib in Resources */ = {isa = PBXBuildFile; fileRef = 87A98A991AE5E4D300C74935 /* DataViewController.xib */; };
		87A98AA01AE5ED2000C74935 /* colors.png in Resources */ = {isa = PBXBuildFile; fileRef = 87A98A9C1AE5ED2000C74935 /* colors.png */; };
		87A98AA11AE5ED2000C74935 /* colors@2x.png in Resources */ = {isa = PBXBuildFile; fileRef = 87A98A9D1AE5ED2000C74935 /* colors@2x.png */; };
		87A98AA21AE5ED2000C74935 /* data.png in Resources */ = {isa = PBXBuildFile; fileRef = 87A98A9E1AE5ED2000C74935 /* data.png */; };
		87A98AA31AE5ED2000C74935 /* data@2x.png in Resources */ = {isa = PBXBuildFile; fileRef = 87A98A9F1AE5ED2000C74935 /* data@2x.png */; };
		87A98AA71AE726A800C74935 /* RedViewController.m in Sources */ = {isa = PBXBuildFile; fileRef = 87A98AA51AE726A800C74935 /* RedViewController.m */; };
		87A98AA81AE726A800C74935 /* RedViewController.xib in Resources */ = {isa = PBXBuildFile; fileRef = 87A98AA61AE726A800C74935 /* RedViewController.xib */; };
		87A98AAE1AE7545200C74935 /* ColorCounter.m in Sources */ = {isa = PBXBuildFile; fileRef = 87A98AAD1AE7545200C74935 /* ColorCounter.m */; };
/* End PBXBuildFile section */

/* Begin PBXContainerItemProxy section */
		87A98A831AE5E2A700C74935 /* PBXContainerItemProxy */ = {
			isa = PBXContainerItemProxy;
			containerPortal = 87A98A611AE5E2A700C74935 /* Project object */;
			proxyType = 1;
			remoteGlobalIDString = 87A98A681AE5E2A700C74935;
			remoteInfo = "tab-bar-controller-uw-ios-hw2";
		};
/* End PBXContainerItemProxy section */

/* Begin PBXFileReference section */
		87A98A691AE5E2A700C74935 /* tab-bar-controller-uw-ios-hw2.app */ = {isa = PBXFileReference; explicitFileType = wrapper.application; includeInIndex = 0; path = "tab-bar-controller-uw-ios-hw2.app"; sourceTree = BUILT_PRODUCTS_DIR; };
		87A98A6D1AE5E2A700C74935 /* Info.plist */ = {isa = PBXFileReference; lastKnownFileType = text.plist.xml; path = Info.plist; sourceTree = "<group>"; };
		87A98A6E1AE5E2A700C74935 /* main.m */ = {isa = PBXFileReference; lastKnownFileType = sourcecode.c.objc; path = main.m; sourceTree = "<group>"; };
		87A98A701AE5E2A700C74935 /* AppDelegate.h */ = {isa = PBXFileReference; lastKnownFileType = sourcecode.c.h; path = AppDelegate.h; sourceTree = "<group>"; };
		87A98A711AE5E2A700C74935 /* AppDelegate.m */ = {isa = PBXFileReference; lastKnownFileType = sourcecode.c.objc; path = AppDelegate.m; sourceTree = "<group>"; };
		87A98A791AE5E2A700C74935 /* Images.xcassets */ = {isa = PBXFileReference; lastKnownFileType = folder.assetcatalog; path = Images.xcassets; sourceTree = "<group>"; };
		87A98A7C1AE5E2A700C74935 /* Base */ = {isa = PBXFileReference; lastKnownFileType = file.xib; name = Base; path = Base.lproj/LaunchScreen.xib; sourceTree = "<group>"; };
		87A98A821AE5E2A700C74935 /* tab-bar-controller-uw-ios-hw2Tests.xctest */ = {isa = PBXFileReference; explicitFileType = wrapper.cfbundle; includeInIndex = 0; path = "tab-bar-controller-uw-ios-hw2Tests.xctest"; sourceTree = BUILT_PRODUCTS_DIR; };
		87A98A871AE5E2A700C74935 /* Info.plist */ = {isa = PBXFileReference; lastKnownFileType = text.plist.xml; path = Info.plist; sourceTree = "<group>"; };
		87A98A881AE5E2A700C74935 /* tab_bar_controller_uw_ios_hw2Tests.m */ = {isa = PBXFileReference; lastKnownFileType = sourcecode.c.objc; path = tab_bar_controller_uw_ios_hw2Tests.m; sourceTree = "<group>"; };
		87A98A921AE5E46600C74935 /* ColorViewController.h */ = {isa = PBXFileReference; fileEncoding = 4; lastKnownFileType = sourcecode.c.h; path = ColorViewController.h; sourceTree = "<group>"; };
		87A98A931AE5E46600C74935 /* ColorViewController.m */ = {isa = PBXFileReference; fileEncoding = 4; lastKnownFileType = sourcecode.c.objc; path = ColorViewController.m; sourceTree = "<group>"; };
		87A98A941AE5E46600C74935 /* ColorViewController.xib */ = {isa = PBXFileReference; fileEncoding = 4; lastKnownFileType = file.xib; path = ColorViewController.xib; sourceTree = "<group>"; };
		87A98A971AE5E4D300C74935 /* DataViewController.h */ = {isa = PBXFileReference; fileEncoding = 4; lastKnownFileType = sourcecode.c.h; path = DataViewController.h; sourceTree = "<group>"; };
		87A98A981AE5E4D300C74935 /* DataViewController.m */ = {isa = PBXFileReference; fileEncoding = 4; lastKnownFileType = sourcecode.c.objc; path = DataViewController.m; sourceTree = "<group>"; };
		87A98A991AE5E4D300C74935 /* DataViewController.xib */ = {isa = PBXFileReference; fileEncoding = 4; lastKnownFileType = file.xib; path = DataViewController.xib; sourceTree = "<group>"; };
		87A98A9C1AE5ED2000C74935 /* colors.png */ = {isa = PBXFileReference; lastKnownFileType = image.png; path = colors.png; sourceTree = "<group>"; };
		87A98A9D1AE5ED2000C74935 /* colors@2x.png */ = {isa = PBXFileReference; lastKnownFileType = image.png; path = "colors@2x.png"; sourceTree = "<group>"; };
		87A98A9E1AE5ED2000C74935 /* data.png */ = {isa = PBXFileReference; lastKnownFileType = image.png; path = data.png; sourceTree = "<group>"; };
		87A98A9F1AE5ED2000C74935 /* data@2x.png */ = {isa = PBXFileReference; lastKnownFileType = image.png; path = "data@2x.png"; sourceTree = "<group>"; };
		87A98AA41AE726A800C74935 /* RedViewController.h */ = {isa = PBXFileReference; fileEncoding = 4; lastKnownFileType = sourcecode.c.h; path = RedViewController.h; sourceTree = "<group>"; };
		87A98AA51AE726A800C74935 /* RedViewController.m */ = {isa = PBXFileReference; fileEncoding = 4; lastKnownFileType = sourcecode.c.objc; path = RedViewController.m; sourceTree = "<group>"; };
		87A98AA61AE726A800C74935 /* RedViewController.xib */ = {isa = PBXFileReference; fileEncoding = 4; lastKnownFileType = file.xib; path = RedViewController.xib; sourceTree = "<group>"; };
		87A98AAC1AE7545200C74935 /* ColorCounter.h */ = {isa = PBXFileReference; fileEncoding = 4; lastKnownFileType = sourcecode.c.h; name = ColorCounter.h; path = ../ColorCounter.h; sourceTree = "<group>"; };
		87A98AAD1AE7545200C74935 /* ColorCounter.m */ = {isa = PBXFileReference; fileEncoding = 4; lastKnownFileType = sourcecode.c.objc; name = ColorCounter.m; path = ../ColorCounter.m; sourceTree = "<group>"; };
/* End PBXFileReference section */

/* Begin PBXFrameworksBuildPhase section */
		87A98A661AE5E2A700C74935 /* Frameworks */ = {
			isa = PBXFrameworksBuildPhase;
			buildActionMask = 2147483647;
			files = (
			);
			runOnlyForDeploymentPostprocessing = 0;
		};
		87A98A7F1AE5E2A700C74935 /* Frameworks */ = {
			isa = PBXFrameworksBuildPhase;
			buildActionMask = 2147483647;
			files = (
			);
			runOnlyForDeploymentPostprocessing = 0;
		};
/* End PBXFrameworksBuildPhase section */

/* Begin PBXGroup section */
		87A98A601AE5E2A700C74935 = {
			isa = PBXGroup;
			children = (
				87A98A6B1AE5E2A700C74935 /* tab-bar-controller-uw-ios-hw2 */,
				87A98A851AE5E2A700C74935 /* tab-bar-controller-uw-ios-hw2Tests */,
				87A98A6A1AE5E2A700C74935 /* Products */,
			);
			sourceTree = "<group>";
		};
		87A98A6A1AE5E2A700C74935 /* Products */ = {
			isa = PBXGroup;
			children = (
				87A98A691AE5E2A700C74935 /* tab-bar-controller-uw-ios-hw2.app */,
				87A98A821AE5E2A700C74935 /* tab-bar-controller-uw-ios-hw2Tests.xctest */,
			);
			name = Products;
			sourceTree = "<group>";
		};
		87A98A6B1AE5E2A700C74935 /* tab-bar-controller-uw-ios-hw2 */ = {
			isa = PBXGroup;
			children = (
				87A98AAC1AE7545200C74935 /* ColorCounter.h */,
				87A98AAD1AE7545200C74935 /* ColorCounter.m */,
				87A98A701AE5E2A700C74935 /* AppDelegate.h */,
				87A98A711AE5E2A700C74935 /* AppDelegate.m */,
				87A98A921AE5E46600C74935 /* ColorViewController.h */,
				87A98A931AE5E46600C74935 /* ColorViewController.m */,
				87A98A941AE5E46600C74935 /* ColorViewController.xib */,
				87A98A971AE5E4D300C74935 /* DataViewController.h */,
				87A98A981AE5E4D300C74935 /* DataViewController.m */,
				87A98A991AE5E4D300C74935 /* DataViewController.xib */,
				87A98AA41AE726A800C74935 /* RedViewController.h */,
				87A98AA51AE726A800C74935 /* RedViewController.m */,
				87A98AA61AE726A800C74935 /* RedViewController.xib */,
				87A98A791AE5E2A700C74935 /* Images.xcassets */,
				87A98A7B1AE5E2A700C74935 /* LaunchScreen.xib */,
				87A98A6C1AE5E2A700C74935 /* Supporting Files */,
			);
			path = "tab-bar-controller-uw-ios-hw2";
			sourceTree = "<group>";
		};
		87A98A6C1AE5E2A700C74935 /* Supporting Files */ = {
			isa = PBXGroup;
			children = (
				87A98A9C1AE5ED2000C74935 /* colors.png */,
				87A98A9D1AE5ED2000C74935 /* colors@2x.png */,
				87A98A9E1AE5ED2000C74935 /* data.png */,
				87A98A9F1AE5ED2000C74935 /* data@2x.png */,
				87A98A6D1AE5E2A700C74935 /* Info.plist */,
				87A98A6E1AE5E2A700C74935 /* main.m */,
			);
			name = "Supporting Files";
			sourceTree = "<group>";
		};
		87A98A851AE5E2A700C74935 /* tab-bar-controller-uw-ios-hw2Tests */ = {
			isa = PBXGroup;
			children = (
				87A98A881AE5E2A700C74935 /* tab_bar_controller_uw_ios_hw2Tests.m */,
				87A98A861AE5E2A700C74935 /* Supporting Files */,
			);
			path = "tab-bar-controller-uw-ios-hw2Tests";
			sourceTree = "<group>";
		};
		87A98A861AE5E2A700C74935 /* Supporting Files */ = {
			isa = PBXGroup;
			children = (
				87A98A871AE5E2A700C74935 /* Info.plist */,
			);
			name = "Supporting Files";
			sourceTree = "<group>";
		};
/* End PBXGroup section */

/* Begin PBXNativeTarget section */
		87A98A681AE5E2A700C74935 /* tab-bar-controller-uw-ios-hw2 */ = {
			isa = PBXNativeTarget;
			buildConfigurationList = 87A98A8C1AE5E2A700C74935 /* Build configuration list for PBXNativeTarget "tab-bar-controller-uw-ios-hw2" */;
			buildPhases = (
				87A98A651AE5E2A700C74935 /* Sources */,
				87A98A661AE5E2A700C74935 /* Frameworks */,
				87A98A671AE5E2A700C74935 /* Resources */,
			);
			buildRules = (
			);
			dependencies = (
			);
			name = "tab-bar-controller-uw-ios-hw2";
			productName = "tab-bar-controller-uw-ios-hw2";
			productReference = 87A98A691AE5E2A700C74935 /* tab-bar-controller-uw-ios-hw2.app */;
			productType = "com.apple.product-type.application";
		};
		87A98A811AE5E2A700C74935 /* tab-bar-controller-uw-ios-hw2Tests */ = {
			isa = PBXNativeTarget;
			buildConfigurationList = 87A98A8F1AE5E2A700C74935 /* Build configuration list for PBXNativeTarget "tab-bar-controller-uw-ios-hw2Tests" */;
			buildPhases = (
				87A98A7E1AE5E2A700C74935 /* Sources */,
				87A98A7F1AE5E2A700C74935 /* Frameworks */,
				87A98A801AE5E2A700C74935 /* Resources */,
			);
			buildRules = (
			);
			dependencies = (
				87A98A841AE5E2A700C74935 /* PBXTargetDependency */,
			);
			name = "tab-bar-controller-uw-ios-hw2Tests";
			productName = "tab-bar-controller-uw-ios-hw2Tests";
			productReference = 87A98A821AE5E2A700C74935 /* tab-bar-controller-uw-ios-hw2Tests.xctest */;
			productType = "com.apple.product-type.bundle.unit-test";
		};
/* End PBXNativeTarget section */

/* Begin PBXProject section */
		87A98A611AE5E2A700C74935 /* Project object */ = {
			isa = PBXProject;
			attributes = {
				LastUpgradeCheck = 0610;
				ORGANIZATIONNAME = "Parker, Carl (HBO)";
				TargetAttributes = {
					87A98A681AE5E2A700C74935 = {
						CreatedOnToolsVersion = 6.1.1;
					};
					87A98A811AE5E2A700C74935 = {
						CreatedOnToolsVersion = 6.1.1;
						TestTargetID = 87A98A681AE5E2A700C74935;
					};
				};
			};
			buildConfigurationList = 87A98A641AE5E2A700C74935 /* Build configuration list for PBXProject "tab-bar-controller-uw-ios-hw2" */;
			compatibilityVersion = "Xcode 3.2";
			developmentRegion = English;
			hasScannedForEncodings = 0;
			knownRegions = (
				en,
				Base,
			);
			mainGroup = 87A98A601AE5E2A700C74935;
			productRefGroup = 87A98A6A1AE5E2A700C74935 /* Products */;
			projectDirPath = "";
			projectRoot = "";
			targets = (
				87A98A681AE5E2A700C74935 /* tab-bar-controller-uw-ios-hw2 */,
				87A98A811AE5E2A700C74935 /* tab-bar-controller-uw-ios-hw2Tests */,
			);
		};
/* End PBXProject section */

/* Begin PBXResourcesBuildPhase section */
		87A98A671AE5E2A700C74935 /* Resources */ = {
			isa = PBXResourcesBuildPhase;
			buildActionMask = 2147483647;
			files = (
				87A98AA81AE726A800C74935 /* RedViewController.xib in Resources */,
				87A98AA01AE5ED2000C74935 /* colors.png in Resources */,
				87A98A9B1AE5E4D300C74935 /* DataViewController.xib in Resources */,
				87A98AA31AE5ED2000C74935 /* data@2x.png in Resources */,
				87A98AA21AE5ED2000C74935 /* data.png in Resources */,
				87A98A7D1AE5E2A700C74935 /* LaunchScreen.xib in Resources */,
				87A98A7A1AE5E2A700C74935 /* Images.xcassets in Resources */,
				87A98AA11AE5ED2000C74935 /* colors@2x.png in Resources */,
				87A98A961AE5E46600C74935 /* ColorViewController.xib in Resources */,
			);
			runOnlyForDeploymentPostprocessing = 0;
		};
		87A98A801AE5E2A700C74935 /* Resources */ = {
			isa = PBXResourcesBuildPhase;
			buildActionMask = 2147483647;
			files = (
			);
			runOnlyForDeploymentPostprocessing = 0;
		};
/* End PBXResourcesBuildPhase section */

/* Begin PBXSourcesBuildPhase section */
		87A98A651AE5E2A700C74935 /* Sources */ = {
			isa = PBXSourcesBuildPhase;
			buildActionMask = 2147483647;
			files = (
				87A98A9A1AE5E4D300C74935 /* DataViewController.m in Sources */,
				87A98A721AE5E2A700C74935 /* AppDelegate.m in Sources */,
				87A98AAE1AE7545200C74935 /* ColorCounter.m in Sources */,
				87A98A6F1AE5E2A700C74935 /* main.m in Sources */,
				87A98A951AE5E46600C74935 /* ColorViewController.m in Sources */,
				87A98AA71AE726A800C74935 /* RedViewController.m in Sources */,
			);
			runOnlyForDeploymentPostprocessing = 0;
		};
		87A98A7E1AE5E2A700C74935 /* Sources */ = {
			isa = PBXSourcesBuildPhase;
			buildActionMask = 2147483647;
			files = (
				87A98A891AE5E2A700C74935 /* tab_bar_controller_uw_ios_hw2Tests.m in Sources */,
			);
			runOnlyForDeploymentPostprocessing = 0;
		};
/* End PBXSourcesBuildPhase section */

/* Begin PBXTargetDependency section */
		87A98A841AE5E2A700C74935 /* PBXTargetDependency */ = {
			isa = PBXTargetDependency;
			target = 87A98A681AE5E2A700C74935 /* tab-bar-controller-uw-ios-hw2 */;
			targetProxy = 87A98A831AE5E2A700C74935 /* PBXContainerItemProxy */;
		};
/* End PBXTargetDependency section */

/* Begin PBXVariantGroup section */
		87A98A7B1AE5E2A700C74935 /* LaunchScreen.xib */ = {
			isa = PBXVariantGroup;
			children = (
				87A98A7C1AE5E2A700C74935 /* Base */,
			);
			name = LaunchScreen.xib;
			sourceTree = "<group>";
		};
/* End PBXVariantGroup section */

/* Begin XCBuildConfiguration section */
		87A98A8A1AE5E2A700C74935 /* Debug */ = {
			isa = XCBuildConfiguration;
			buildSettings = {
				ALWAYS_SEARCH_USER_PATHS = NO;
				CLANG_CXX_LANGUAGE_STANDARD = "gnu++0x";
				CLANG_CXX_LIBRARY = "libc++";
				CLANG_ENABLE_MODULES = YES;
				CLANG_ENABLE_OBJC_ARC = YES;
				CLANG_WARN_BOOL_CONVERSION = YES;
				CLANG_WARN_CONSTANT_CONVERSION = YES;
				CLANG_WARN_DIRECT_OBJC_ISA_USAGE = YES_ERROR;
				CLANG_WARN_EMPTY_BODY = YES;
				CLANG_WARN_ENUM_CONVERSION = YES;
				CLANG_WARN_INT_CONVERSION = YES;
				CLANG_WARN_OBJC_ROOT_CLASS = YES_ERROR;
				CLANG_WARN_UNREACHABLE_CODE = YES;
				CLANG_WARN__DUPLICATE_METHOD_MATCH = YES;
				"CODE_SIGN_IDENTITY[sdk=iphoneos*]" = "iPhone Developer";
				COPY_PHASE_STRIP = NO;
				ENABLE_STRICT_OBJC_MSGSEND = YES;
				GCC_C_LANGUAGE_STANDARD = gnu99;
				GCC_DYNAMIC_NO_PIC = NO;
				GCC_OPTIMIZATION_LEVEL = 0;
				GCC_PREPROCESSOR_DEFINITIONS = (
					"DEBUG=1",
					"$(inherited)",
				);
				GCC_SYMBOLS_PRIVATE_EXTERN = NO;
				GCC_WARN_64_TO_32_BIT_CONVERSION = YES;
				GCC_WARN_ABOUT_RETURN_TYPE = YES_ERROR;
				GCC_WARN_UNDECLARED_SELECTOR = YES;
				GCC_WARN_UNINITIALIZED_AUTOS = YES_AGGRESSIVE;
				GCC_WARN_UNUSED_FUNCTION = YES;
				GCC_WARN_UNUSED_VARIABLE = YES;
				IPHONEOS_DEPLOYMENT_TARGET = 8.1;
				MTL_ENABLE_DEBUG_INFO = YES;
				ONLY_ACTIVE_ARCH = YES;
				SDKROOT = iphoneos;
				TARGETED_DEVICE_FAMILY = "1,2";
			};
			name = Debug;
		};
		87A98A8B1AE5E2A700C74935 /* Release */ = {
			isa = XCBuildConfiguration;
			buildSettings = {
				ALWAYS_SEARCH_USER_PATHS = NO;
				CLANG_CXX_LANGUAGE_STANDARD = "gnu++0x";
				CLANG_CXX_LIBRARY = "libc++";
				CLANG_ENABLE_MODULES = YES;
				CLANG_ENABLE_OBJC_ARC = YES;
				CLANG_WARN_BOOL_CONVERSION = YES;
				CLANG_WARN_CONSTANT_CONVERSION = YES;
				CLANG_WARN_DIRECT_OBJC_ISA_USAGE = YES_ERROR;
				CLANG_WARN_EMPTY_BODY = YES;
				CLANG_WARN_ENUM_CONVERSION = YES;
				CLANG_WARN_INT_CONVERSION = YES;
				CLANG_WARN_OBJC_ROOT_CLASS = YES_ERROR;
				CLANG_WARN_UNREACHABLE_CODE = YES;
				CLANG_WARN__DUPLICATE_METHOD_MATCH = YES;
				"CODE_SIGN_IDENTITY[sdk=iphoneos*]" = "iPhone Developer";
				COPY_PHASE_STRIP = YES;
				ENABLE_NS_ASSERTIONS = NO;
				ENABLE_STRICT_OBJC_MSGSEND = YES;
				GCC_C_LANGUAGE_STANDARD = gnu99;
				GCC_WARN_64_TO_32_BIT_CONVERSION = YES;
				GCC_WARN_ABOUT_RETURN_TYPE = YES_ERROR;
				GCC_WARN_UNDECLARED_SELECTOR = YES;
				GCC_WARN_UNINITIALIZED_AUTOS = YES_AGGRESSIVE;
				GCC_WARN_UNUSED_FUNCTION = YES;
				GCC_WARN_UNUSED_VARIABLE = YES;
				IPHONEOS_DEPLOYMENT_TARGET = 8.1;
				MTL_ENABLE_DEBUG_INFO = NO;
				SDKROOT = iphoneos;
				TARGETED_DEVICE_FAMILY = "1,2";
				VALIDATE_PRODUCT = YES;
			};
			name = Release;
		};
		87A98A8D1AE5E2A700C74935 /* Debug */ = {
			isa = XCBuildConfiguration;
			buildSettings = {
				ASSETCATALOG_COMPILER_APPICON_NAME = AppIcon;
				INFOPLIST_FILE = "tab-bar-controller-uw-ios-hw2/Info.plist";
				LD_RUNPATH_SEARCH_PATHS = "$(inherited) @executable_path/Frameworks";
				PRODUCT_NAME = "$(TARGET_NAME)";
				TARGETED_DEVICE_FAMILY = 1;
			};
			name = Debug;
		};
		87A98A8E1AE5E2A700C74935 /* Release */ = {
			isa = XCBuildConfiguration;
			buildSettings = {
				ASSETCATALOG_COMPILER_APPICON_NAME = AppIcon;
				INFOPLIST_FILE = "tab-bar-controller-uw-ios-hw2/Info.plist";
				LD_RUNPATH_SEARCH_PATHS = "$(inherited) @executable_path/Frameworks";
				PRODUCT_NAME = "$(TARGET_NAME)";
				TARGETED_DEVICE_FAMILY = 1;
			};
			name = Release;
		};
		87A98A901AE5E2A700C74935 /* Debug */ = {
			isa = XCBuildConfiguration;
			buildSettings = {
				BUNDLE_LOADER = "$(TEST_HOST)";
				FRAMEWORK_SEARCH_PATHS = (
					"$(SDKROOT)/Developer/Library/Frameworks",
					"$(inherited)",
				);
				GCC_PREPROCESSOR_DEFINITIONS = (
					"DEBUG=1",
					"$(inherited)",
				);
				INFOPLIST_FILE = "tab-bar-controller-uw-ios-hw2Tests/Info.plist";
				LD_RUNPATH_SEARCH_PATHS = "$(inherited) @executable_path/Frameworks @loader_path/Frameworks";
				PRODUCT_NAME = "$(TARGET_NAME)";
				TEST_HOST = "$(BUILT_PRODUCTS_DIR)/tab-bar-controller-uw-ios-hw2.app/tab-bar-controller-uw-ios-hw2";
			};
			name = Debug;
		};
		87A98A911AE5E2A700C74935 /* Release */ = {
			isa = XCBuildConfiguration;
			buildSettings = {
				BUNDLE_LOADER = "$(TEST_HOST)";
				FRAMEWORK_SEARCH_PATHS = (
					"$(SDKROOT)/Developer/Library/Frameworks",
					"$(inherited)",
				);
				INFOPLIST_FILE = "tab-bar-controller-uw-ios-hw2Tests/Info.plist";
				LD_RUNPATH_SEARCH_PATHS = "$(inherited) @executable_path/Frameworks @loader_path/Frameworks";
				PRODUCT_NAME = "$(TARGET_NAME)";
				TEST_HOST = "$(BUILT_PRODUCTS_DIR)/tab-bar-controller-uw-ios-hw2.app/tab-bar-controller-uw-ios-hw2";
			};
			name = Release;
		};
/* End XCBuildConfiguration section */

/* Begin XCConfigurationList section */
		87A98A641AE5E2A700C74935 /* Build configuration list for PBXProject "tab-bar-controller-uw-ios-hw2" */ = {
			isa = XCConfigurationList;
			buildConfigurations = (
				87A98A8A1AE5E2A700C74935 /* Debug */,
				87A98A8B1AE5E2A700C74935 /* Release */,
			);
			defaultConfigurationIsVisible = 0;
			defaultConfigurationName = Release;
		};
		87A98A8C1AE5E2A700C74935 /* Build configuration list for PBXNativeTarget "tab-bar-controller-uw-ios-hw2" */ = {
			isa = XCConfigurationList;
			buildConfigurations = (
				87A98A8D1AE5E2A700C74935 /* Debug */,
				87A98A8E1AE5E2A700C74935 /* Release */,
			);
			defaultConfigurationIsVisible = 0;
		};
		87A98A8F1AE5E2A700C74935 /* Build configuration list for PBXNativeTarget "tab-bar-controller-uw-ios-hw2Tests" */ = {
			isa = XCConfigurationList;
			buildConfigurations = (
				87A98A901AE5E2A700C74935 /* Debug */,
				87A98A911AE5E2A700C74935 /* Release */,
			);
			defaultConfigurationIsVisible = 0;
		};
/* End XCConfigurationList section */
	};
	rootObject = 87A98A611AE5E2A700C74935 /* Project object */;
}
